
Microsoft Visual Studio Solution File, Format Version 12.00
# Visual Studio 15
VisualStudioVersion = 15.0.27428.2037
MinimumVisualStudioVersion = 10.0.40219.1
Project("{FAE04EC0-301F-11D3-BF4B-00C04F79EFBC}") = "Kitaprazzi.Web", "Kitaprazzi.Web\Kitaprazzi.Web.csproj", "{4126B912-B366-4A6E-B640-1422D060CE70}"
EndProject
Project("{FAE04EC0-301F-11D3-BF4B-00C04F79EFBC}") = "Kitaprazzi.Data", "Kitaprazzi.Data\Kitaprazzi.Data.csproj", "{1860C30F-2565-4480-9D78-B16B25656637}"
EndProject
Project("{FAE04EC0-301F-11D3-BF4B-00C04F79EFBC}") = "Kitaprazzi.Core", "Kitaprazzi.Core\Kitaprazzi.Core.csproj", "{E58D19F1-48F7-4AFB-BB8C-8DCB1540839E}"
EndProject
Project("{FAE04EC0-301F-11D3-BF4B-00C04F79EFBC}") = "Zathura.Admin", "Zathura.Admin\Zathura.Admin.csproj", "{A18FECFA-C76E-4194-BA0D-51A4A62E3EC4}"
EndProject
Global
	GlobalSection(SolutionConfigurationPlatforms) = preSolution
		Debug|Any CPU = Debug|Any CPU
		Release|Any CPU = Release|Any CPU
	EndGlobalSection
	GlobalSection(ProjectConfigurationPlatforms) = postSolution
		{4126B912-B366-4A6E-B640-1422D060CE70}.Debug|Any CPU.ActiveCfg = Debug|Any CPU
		{4126B912-B366-4A6E-B640-1422D060CE70}.Debug|Any CPU.Build.0 = Debug|Any CPU
		{4126B912-B366-4A6E-B640-1422D060CE70}.Release|Any CPU.ActiveCfg = Release|Any CPU
		{4126B912-B366-4A6E-B640-1422D060CE70}.Release|Any CPU.Build.0 = Release|Any CPU
		{1860C30F-2565-4480-9D78-B16B25656637}.Debug|Any CPU.ActiveCfg = Debug|Any CPU
		{1860C30F-2565-4480-9D78-B16B25656637}.Debug|Any CPU.Build.0 = Debug|Any CPU
		{1860C30F-2565-4480-9D78-B16B25656637}.Release|Any CPU.ActiveCfg = Release|Any CPU
		{1860C30F-2565-4480-9D78-B16B25656637}.Release|Any CPU.Build.0 = Release|Any CPU
		{E58D19F1-48F7-4AFB-BB8C-8DCB1540839E}.Debug|Any CPU.ActiveCfg = Debug|Any CPU
		{E58D19F1-48F7-4AFB-BB8C-8DCB1540839E}.Debug|Any CPU.Build.0 = Debug|Any CPU
		{E58D19F1-48F7-4AFB-BB8C-8DCB1540839E}.Release|Any CPU.ActiveCfg = Release|Any CPU
		{E58D19F1-48F7-4AFB-BB8C-8DCB1540839E}.Release|Any CPU.Build.0 = Release|Any CPU
		{A18FECFA-C76E-4194-BA0D-51A4A62E3EC4}.Debug|Any CPU.ActiveCfg = Debug|Any CPU
		{A18FECFA-C76E-4194-BA0D-51A4A62E3EC4}.Debug|Any CPU.Build.0 = Debug|Any CPU
		{A18FECFA-C76E-4194-BA0D-51A4A62E3EC4}.Release|Any CPU.ActiveCfg = Release|Any CPU
		{A18FECFA-C76E-4194-BA0D-51A4A62E3EC4}.Release|Any CPU.Build.0 = Release|Any CPU
	EndGlobalSection
	GlobalSection(SolutionProperties) = preSolution
		HideSolutionNode = FALSE
	EndGlobalSection
	GlobalSection(ExtensibilityGlobals) = postSolution
		SolutionGuid = {91F5867A-9E3E-466F-A684-B5F2647718A4}
	EndGlobalSection
EndGlobal
